// !$*UTF8*$!
{
	archiveVersion = 1;
	classes = {
	};
	objectVersion = 50;
	objects = {

/* Begin PBXBuildFile section */
		F3A29E3B2347AC34006E83B1 /* AppDelegate.swift in Sources */ = {isa = PBXBuildFile; fileRef = F3A29E3A2347AC34006E83B1 /* AppDelegate.swift */; };
		F3A29E3D2347AC34006E83B1 /* SceneDelegate.swift in Sources */ = {isa = PBXBuildFile; fileRef = F3A29E3C2347AC34006E83B1 /* SceneDelegate.swift */; };
		F3A29E3F2347AC34006E83B1 /* ViewController.swift in Sources */ = {isa = PBXBuildFile; fileRef = F3A29E3E2347AC34006E83B1 /* ViewController.swift */; };
		F3A29E422347AC34006E83B1 /* Main.storyboard in Resources */ = {isa = PBXBuildFile; fileRef = F3A29E402347AC34006E83B1 /* Main.storyboard */; };
		F3A29E452347AC34006E83B1 /* Matching_App_Swift.xcdatamodeld in Sources */ = {isa = PBXBuildFile; fileRef = F3A29E432347AC34006E83B1 /* Matching_App_Swift.xcdatamodeld */; };
		F3A29E472347AC36006E83B1 /* Assets.xcassets in Resources */ = {isa = PBXBuildFile; fileRef = F3A29E462347AC36006E83B1 /* Assets.xcassets */; };
		F3A29E4A2347AC36006E83B1 /* LaunchScreen.storyboard in Resources */ = {isa = PBXBuildFile; fileRef = F3A29E482347AC36006E83B1 /* LaunchScreen.storyboard */; };
/* End PBXBuildFile section */

/* Begin PBXFileReference section */
		F3A29E372347AC34006E83B1 /* Matching-App-Swift.app */ = {isa = PBXFileReference; explicitFileType = wrapper.application; includeInIndex = 0; path = "Matching-App-Swift.app"; sourceTree = BUILT_PRODUCTS_DIR; };
		F3A29E3A2347AC34006E83B1 /* AppDelegate.swift */ = {isa = PBXFileReference; lastKnownFileType = sourcecode.swift; path = AppDelegate.swift; sourceTree = "<group>"; };
		F3A29E3C2347AC34006E83B1 /* SceneDelegate.swift */ = {isa = PBXFileReference; lastKnownFileType = sourcecode.swift; path = SceneDelegate.swift; sourceTree = "<group>"; };
		F3A29E3E2347AC34006E83B1 /* ViewController.swift */ = {isa = PBXFileReference; lastKnownFileType = sourcecode.swift; path = ViewController.swift; sourceTree = "<group>"; };
		F3A29E412347AC34006E83B1 /* Base */ = {isa = PBXFileReference; lastKnownFileType = file.storyboard; name = Base; path = Base.lproj/Main.storyboard; sourceTree = "<group>"; };
		F3A29E442347AC34006E83B1 /* Matching_App_Swift.xcdatamodel */ = {isa = PBXFileReference; lastKnownFileType = wrapper.xcdatamodel; path = Matching_App_Swift.xcdatamodel; sourceTree = "<group>"; };
		F3A29E462347AC36006E83B1 /* Assets.xcassets */ = {isa = PBXFileReference; lastKnownFileType = folder.assetcatalog; path = Assets.xcassets; sourceTree = "<group>"; };
		F3A29E492347AC36006E83B1 /* Base */ = {isa = PBXFileReference; lastKnownFileType = file.storyboard; name = Base; path = Base.lproj/LaunchScreen.storyboard; sourceTree = "<group>"; };
		F3A29E4B2347AC36006E83B1 /* Info.plist */ = {isa = PBXFileReference; lastKnownFileType = text.plist.xml; path = Info.plist; sourceTree = "<group>"; };
/* End PBXFileReference section */

/* Begin PBXFrameworksBuildPhase section */
		F3A29E342347AC34006E83B1 /* Frameworks */ = {
			isa = PBXFrameworksBuildPhase;
			buildActionMask = 2147483647;
			files = (
			);
			runOnlyForDeploymentPostprocessing = 0;
		};
/* End PBXFrameworksBuildPhase section */

/* Begin PBXGroup section */
		F3A29E2E2347AC34006E83B1 = {
			isa = PBXGroup;
			children = (
				F3A29E392347AC34006E83B1 /* Matching-App-Swift */,
				F3A29E382347AC34006E83B1 /* Products */,
			);
			sourceTree = "<group>";
		};
		F3A29E382347AC34006E83B1 /* Products */ = {
			isa = PBXGroup;
			children = (
				F3A29E372347AC34006E83B1 /* Matching-App-Swift.app */,
			);
			name = Products;
			sourceTree = "<group>";
		};
		F3A29E392347AC34006E83B1 /* Matching-App-Swift */ = {
			isa = PBXGroup;
			children = (
				F3A29E3A2347AC34006E83B1 /* AppDelegate.swift */,
				F3A29E3C2347AC34006E83B1 /* SceneDelegate.swift */,
				F3A29E3E2347AC34006E83B1 /* ViewController.swift */,
				F3A29E402347AC34006E83B1 /* Main.storyboard */,
				F3A29E462347AC36006E83B1 /* Assets.xcassets */,
				F3A29E482347AC36006E83B1 /* LaunchScreen.storyboard */,
				F3A29E4B2347AC36006E83B1 /* Info.plist */,
				F3A29E432347AC34006E83B1 /* Matching_App_Swift.xcdatamodeld */,
			);
			path = "Matching-App-Swift";
			sourceTree = "<group>";
		};
/* End PBXGroup section */

/* Begin PBXNativeTarget section */
		F3A29E362347AC34006E83B1 /* Matching-App-Swift */ = {
			isa = PBXNativeTarget;
			buildConfigurationList = F3A29E4E2347AC36006E83B1 /* Build configuration list for PBXNativeTarget "Matching-App-Swift" */;
			buildPhases = (
				F3A29E332347AC34006E83B1 /* Sources */,
				F3A29E342347AC34006E83B1 /* Frameworks */,
				F3A29E352347AC34006E83B1 /* Resources */,
			);
			buildRules = (
			);
			dependencies = (
			);
			name = "Matching-App-Swift";
			productName = "Matching-App-Swift";
			productReference = F3A29E372347AC34006E83B1 /* Matching-App-Swift.app */;
			productType = "com.apple.product-type.application";
		};
/* End PBXNativeTarget section */

/* Begin PBXProject section */
		F3A29E2F2347AC34006E83B1 /* Project object */ = {
			isa = PBXProject;
			attributes = {
				LastSwiftUpdateCheck = 1100;
				LastUpgradeCheck = 1100;
				ORGANIZATIONNAME = "新納真次郎";
				TargetAttributes = {
					F3A29E362347AC34006E83B1 = {
						CreatedOnToolsVersion = 11.0;
					};
				};
			};
			buildConfigurationList = F3A29E322347AC34006E83B1 /* Build configuration list for PBXProject "Matching-App-Swift" */;
			compatibilityVersion = "Xcode 9.3";
			developmentRegion = en;
			hasScannedForEncodings = 0;
			knownRegions = (
				en,
				Base,
			);
			mainGroup = F3A29E2E2347AC34006E83B1;
			productRefGroup = F3A29E382347AC34006E83B1 /* Products */;
			projectDirPath = "";
			projectRoot = "";
			targets = (
				F3A29E362347AC34006E83B1 /* Matching-App-Swift */,
			);
		};
/* End PBXProject section */

/* Begin PBXResourcesBuildPhase section */
		F3A29E352347AC34006E83B1 /* Resources */ = {
			isa = PBXResourcesBuildPhase;
			buildActionMask = 2147483647;
			files = (
				F3A29E4A2347AC36006E83B1 /* LaunchScreen.storyboard in Resources */,
				F3A29E472347AC36006E83B1 /* Assets.xcassets in Resources */,
				F3A29E422347AC34006E83B1 /* Main.storyboard in Resources */,
			);
			runOnlyForDeploymentPostprocessing = 0;
		};
/* End PBXResourcesBuildPhase section */

/* Begin PBXSourcesBuildPhase section */
		F3A29E332347AC34006E83B1 /* Sources */ = {
			isa = PBXSourcesBuildPhase;
			buildActionMask = 2147483647;
			files = (
				F3A29E3F2347AC34006E83B1 /* ViewController.swift in Sources */,
				F3A29E3B2347AC34006E83B1 /* AppDelegate.swift in Sources */,
				F3A29E452347AC34006E83B1 /* Matching_App_Swift.xcdatamodeld in Sources */,
				F3A29E3D2347AC34006E83B1 /* SceneDelegate.swift in Sources */,
			);
			runOnlyForDeploymentPostprocessing = 0;
		};
/* End PBXSourcesBuildPhase section */

/* Begin PBXVariantGroup section */
		F3A29E402347AC34006E83B1 /* Main.storyboard */ = {
			isa = PBXVariantGroup;
			children = (
				F3A29E412347AC34006E83B1 /* Base */,
			);
			name = Main.storyboard;
			sourceTree = "<group>";
		};
		F3A29E482347AC36006E83B1 /* LaunchScreen.storyboard */ = {
			isa = PBXVariantGroup;
			children = (
				F3A29E492347AC36006E83B1 /* Base */,
			);
			name = LaunchScreen.storyboard;
			sourceTree = "<group>";
		};
/* End PBXVariantGroup section */

/* Begin XCBuildConfiguration section */
		F3A29E4C2347AC36006E83B1 /* Debug */ = {
			isa = XCBuildConfiguration;
			buildSettings = {
				ALWAYS_SEARCH_USER_PATHS = NO;
				CLANG_ANALYZER_NONNULL = YES;
				CLANG_ANALYZER_NUMBER_OBJECT_CONVERSION = YES_AGGRESSIVE;
				CLANG_CXX_LANGUAGE_STANDARD = "gnu++14";
				CLANG_CXX_LIBRARY = "libc++";
				CLANG_ENABLE_MODULES = YES;
				CLANG_ENABLE_OBJC_ARC = YES;
				CLANG_ENABLE_OBJC_WEAK = YES;
				CLANG_WARN_BLOCK_CAPTURE_AUTORELEASING = YES;
				CLANG_WARN_BOOL_CONVERSION = YES;
				CLANG_WARN_COMMA = YES;
				CLANG_WARN_CONSTANT_CONVERSION = YES;
				CLANG_WARN_DEPRECATED_OBJC_IMPLEMENTATIONS = YES;
				CLANG_WARN_DIRECT_OBJC_ISA_USAGE = YES_ERROR;
				CLANG_WARN_DOCUMENTATION_COMMENTS = YES;
				CLANG_WARN_EMPTY_BODY = YES;
				CLANG_WARN_ENUM_CONVERSION = YES;
				CLANG_WARN_INFINITE_RECURSION = YES;
				CLANG_WARN_INT_CONVERSION = YES;
				CLANG_WARN_NON_LITERAL_NULL_CONVERSION = YES;
				CLANG_WARN_OBJC_IMPLICIT_RETAIN_SELF = YES;
				CLANG_WARN_OBJC_LITERAL_CONVERSION = YES;
				CLANG_WARN_OBJC_ROOT_CLASS = YES_ERROR;
				CLANG_WARN_RANGE_LOOP_ANALYSIS = YES;
				CLANG_WARN_STRICT_PROTOTYPES = YES;
				CLANG_WARN_SUSPICIOUS_MOVE = YES;
				CLANG_WARN_UNGUARDED_AVAILABILITY = YES_AGGRESSIVE;
				CLANG_WARN_UNREACHABLE_CODE = YES;
				CLANG_WARN__DUPLICATE_METHOD_MATCH = YES;
				COPY_PHASE_STRIP = NO;
				DEBUG_INFORMATION_FORMAT = dwarf;
				ENABLE_STRICT_OBJC_MSGSEND = YES;
				ENABLE_TESTABILITY = YES;
				GCC_C_LANGUAGE_STANDARD = gnu11;
				GCC_DYNAMIC_NO_PIC = NO;
				GCC_NO_COMMON_BLOCKS = YES;
				GCC_OPTIMIZATION_LEVEL = 0;
				GCC_PREPROCESSOR_DEFINITIONS = (
					"DEBUG=1",
					"$(inherited)",
				);
				GCC_WARN_64_TO_32_BIT_CONVERSION = YES;
				GCC_WARN_ABOUT_RETURN_TYPE = YES_ERROR;
				GCC_WARN_UNDECLARED_SELECTOR = YES;
				GCC_WARN_UNINITIALIZED_AUTOS = YES_AGGRESSIVE;
				GCC_WARN_UNUSED_FUNCTION = YES;
				GCC_WARN_UNUSED_VARIABLE = YES;
				IPHONEOS_DEPLOYMENT_TARGET = 13.0;
				MTL_ENABLE_DEBUG_INFO = INCLUDE_SOURCE;
				MTL_FAST_MATH = YES;
				ONLY_ACTIVE_ARCH = YES;
				SDKROOT = iphoneos;
				SWIFT_ACTIVE_COMPILATION_CONDITIONS = DEBUG;
				SWIFT_OPTIMIZATION_LEVEL = "-Onone";
			};
			name = Debug;
		};
		F3A29E4D2347AC36006E83B1 /* Release */ = {
			isa = XCBuildConfiguration;
			buildSettings = {
				ALWAYS_SEARCH_USER_PATHS = NO;
				CLANG_ANALYZER_NONNULL = YES;
				CLANG_ANALYZER_NUMBER_OBJECT_CONVERSION = YES_AGGRESSIVE;
				CLANG_CXX_LANGUAGE_STANDARD = "gnu++14";
				CLANG_CXX_LIBRARY = "libc++";
				CLANG_ENABLE_MODULES = YES;
				CLANG_ENABLE_OBJC_ARC = YES;
				CLANG_ENABLE_OBJC_WEAK = YES;
				CLANG_WARN_BLOCK_CAPTURE_AUTORELEASING = YES;
				CLANG_WARN_BOOL_CONVERSION = YES;
				CLANG_WARN_COMMA = YES;
				CLANG_WARN_CONSTANT_CONVERSION = YES;
				CLANG_WARN_DEPRECATED_OBJC_IMPLEMENTATIONS = YES;
				CLANG_WARN_DIRECT_OBJC_ISA_USAGE = YES_ERROR;
				CLANG_WARN_DOCUMENTATION_COMMENTS = YES;
				CLANG_WARN_EMPTY_BODY = YES;
				CLANG_WARN_ENUM_CONVERSION = YES;
				CLANG_WARN_INFINITE_RECURSION = YES;
				CLANG_WARN_INT_CONVERSION = YES;
				CLANG_WARN_NON_LITERAL_NULL_CONVERSION = YES;
				CLANG_WARN_OBJC_IMPLICIT_RETAIN_SELF = YES;
				CLANG_WARN_OBJC_LITERAL_CONVERSION = YES;
				CLANG_WARN_OBJC_ROOT_CLASS = YES_ERROR;
				CLANG_WARN_RANGE_LOOP_ANALYSIS = YES;
				CLANG_WARN_STRICT_PROTOTYPES = YES;
				CLANG_WARN_SUSPICIOUS_MOVE = YES;
				CLANG_WARN_UNGUARDED_AVAILABILITY = YES_AGGRESSIVE;
				CLANG_WARN_UNREACHABLE_CODE = YES;
				CLANG_WARN__DUPLICATE_METHOD_MATCH = YES;
				COPY_PHASE_STRIP = NO;
				DEBUG_INFORMATION_FORMAT = "dwarf-with-dsym";
				ENABLE_NS_ASSERTIONS = NO;
				ENABLE_STRICT_OBJC_MSGSEND = YES;
				GCC_C_LANGUAGE_STANDARD = gnu11;
				GCC_NO_COMMON_BLOCKS = YES;
				GCC_WARN_64_TO_32_BIT_CONVERSION = YES;
				GCC_WARN_ABOUT_RETURN_TYPE = YES_ERROR;
				GCC_WARN_UNDECLARED_SELECTOR = YES;
				GCC_WARN_UNINITIALIZED_AUTOS = YES_AGGRESSIVE;
				GCC_WARN_UNUSED_FUNCTION = YES;
				GCC_WARN_UNUSED_VARIABLE = YES;
				IPHONEOS_DEPLOYMENT_TARGET = 13.0;
				MTL_ENABLE_DEBUG_INFO = NO;
				MTL_FAST_MATH = YES;
				SDKROOT = iphoneos;
				SWIFT_COMPILATION_MODE = wholemodule;
				SWIFT_OPTIMIZATION_LEVEL = "-O";
				VALIDATE_PRODUCT = YES;
			};
			name = Release;
		};
		F3A29E4F2347AC36006E83B1 /* Debug */ = {
			isa = XCBuildConfiguration;
			buildSettings = {
				ASSETCATALOG_COMPILER_APPICON_NAME = AppIcon;
				CODE_SIGN_STYLE = Automatic;
				DEVELOPMENT_TEAM = T8YPT438X6;
				INFOPLIST_FILE = "Matching-App-Swift/Info.plist";
				LD_RUNPATH_SEARCH_PATHS = (
					"$(inherited)",
					"@executable_path/Frameworks",
				);
				PRODUCT_BUNDLE_IDENTIFIER = "Nakamura-labProject.Matching-App-Swift";
				PRODUCT_NAME = "$(TARGET_NAME)";
				SWIFT_VERSION = 5.0;
				TARGETED_DEVICE_FAMILY = "1,2";
			};
			name = Debug;
		};
		F3A29E502347AC36006E83B1 /* Release */ = {
			isa = XCBuildConfiguration;
			buildSettings = {
				ASSETCATALOG_COMPILER_APPICON_NAME = AppIcon;
				CODE_SIGN_STYLE = Automatic;
				DEVELOPMENT_TEAM = T8YPT438X6;
				INFOPLIST_FILE = "Matching-App-Swift/Info.plist";
				LD_RUNPATH_SEARCH_PATHS = (
					"$(inherited)",
					"@executable_path/Frameworks",
				);
				PRODUCT_BUNDLE_IDENTIFIER = "Nakamura-labProject.Matching-App-Swift";
				PRODUCT_NAME = "$(TARGET_NAME)";
				SWIFT_VERSION = 5.0;
				TARGETED_DEVICE_FAMILY = "1,2";
			};
			name = Release;
		};
/* End XCBuildConfiguration section */

/* Begin XCConfigurationList section */
		F3A29E322347AC34006E83B1 /* Build configuration list for PBXProject "Matching-App-Swift" */ = {
			isa = XCConfigurationList;
			buildConfigurations = (
				F3A29E4C2347AC36006E83B1 /* Debug */,
				F3A29E4D2347AC36006E83B1 /* Release */,
			);
			defaultConfigurationIsVisible = 0;
			defaultConfigurationName = Release;
		};
		F3A29E4E2347AC36006E83B1 /* Build configuration list for PBXNativeTarget "Matching-App-Swift" */ = {
			isa = XCConfigurationList;
			buildConfigurations = (
				F3A29E4F2347AC36006E83B1 /* Debug */,
				F3A29E502347AC36006E83B1 /* Release */,
			);
			defaultConfigurationIsVisible = 0;
			defaultConfigurationName = Release;
		};
/* End XCConfigurationList section */

/* Begin XCVersionGroup section */
		F3A29E432347AC34006E83B1 /* Matching_App_Swift.xcdatamodeld */ = {
			isa = XCVersionGroup;
			children = (
				F3A29E442347AC34006E83B1 /* Matching_App_Swift.xcdatamodel */,
			);
			currentVersion = F3A29E442347AC34006E83B1 /* Matching_App_Swift.xcdatamodel */;
			path = Matching_App_Swift.xcdatamodeld;
			sourceTree = "<group>";
			versionGroupType = wrapper.xcdatamodel;
		};
/* End XCVersionGroup section */
	};
	rootObject = F3A29E2F2347AC34006E83B1 /* Project object */;
}
