// !$*UTF8*$!
{
	archiveVersion = 1;
	classes = {
	};
	objectVersion = 50;
	objects = {

/* Begin PBXBuildFile section */
		F3A29E3B2347AC34006E83B1 /* AppDelegate.swift in Sources */ = {isa = PBXBuildFile; fileRef = F3A29E3A2347AC34006E83B1 /* AppDelegate.swift */; };
		F3A29E3D2347AC34006E83B1 /* SceneDelegate.swift in Sources */ = {isa = PBXBuildFile; fileRef = F3A29E3C2347AC34006E83B1 /* SceneDelegate.swift */; };
		F3A29E3F2347AC34006E83B1 /* MainVC.swift in Sources */ = {isa = PBXBuildFile; fileRef = F3A29E3E2347AC34006E83B1 /* MainVC.swift */; };
		F3A29E452347AC34006E83B1 /* Matching_App_Swift.xcdatamodeld in Sources */ = {isa = PBXBuildFile; fileRef = F3A29E432347AC34006E83B1 /* Matching_App_Swift.xcdatamodeld */; };
		F3A29E472347AC36006E83B1 /* Assets.xcassets in Resources */ = {isa = PBXBuildFile; fileRef = F3A29E462347AC36006E83B1 /* Assets.xcassets */; };
		F3A29E4A2347AC36006E83B1 /* LaunchScreen.storyboard in Resources */ = {isa = PBXBuildFile; fileRef = F3A29E482347AC36006E83B1 /* LaunchScreen.storyboard */; };
		F3A29E572347CC56006E83B1 /* FaceScanVC.swift in Sources */ = {isa = PBXBuildFile; fileRef = F3A29E562347CC56006E83B1 /* FaceScanVC.swift */; };
		F3A29E832348DDEA006E83B1 /* RxSwift.framework in Frameworks */ = {isa = PBXBuildFile; fileRef = F3A29E802348DDEA006E83B1 /* RxSwift.framework */; };
		F3A29E842348DDEA006E83B1 /* RxSwift.framework in Embed Frameworks */ = {isa = PBXBuildFile; fileRef = F3A29E802348DDEA006E83B1 /* RxSwift.framework */; settings = {ATTRIBUTES = (CodeSignOnCopy, RemoveHeadersOnCopy, ); }; };
		F3A29E852348DDEA006E83B1 /* RxCocoa.framework in Frameworks */ = {isa = PBXBuildFile; fileRef = F3A29E812348DDEA006E83B1 /* RxCocoa.framework */; };
		F3A29E862348DDEA006E83B1 /* RxCocoa.framework in Embed Frameworks */ = {isa = PBXBuildFile; fileRef = F3A29E812348DDEA006E83B1 /* RxCocoa.framework */; settings = {ATTRIBUTES = (CodeSignOnCopy, RemoveHeadersOnCopy, ); }; };
		F3A29E872348DDEA006E83B1 /* RxRelay.framework in Frameworks */ = {isa = PBXBuildFile; fileRef = F3A29E822348DDEA006E83B1 /* RxRelay.framework */; };
		F3A29E882348DDEA006E83B1 /* RxRelay.framework in Embed Frameworks */ = {isa = PBXBuildFile; fileRef = F3A29E822348DDEA006E83B1 /* RxRelay.framework */; settings = {ATTRIBUTES = (CodeSignOnCopy, RemoveHeadersOnCopy, ); }; };
		F3A29E8B2348DF6A006E83B1 /* TurtorialVC.swift in Sources */ = {isa = PBXBuildFile; fileRef = F3A29E8A2348DF6A006E83B1 /* TurtorialVC.swift */; };
		F3A29E8D2348DF7B006E83B1 /* LikeFaceVC.swift in Sources */ = {isa = PBXBuildFile; fileRef = F3A29E8C2348DF7B006E83B1 /* LikeFaceVC.swift */; };
		F3A29E8F2348DF9C006E83B1 /* ProfileEditVC.swift in Sources */ = {isa = PBXBuildFile; fileRef = F3A29E8E2348DF9C006E83B1 /* ProfileEditVC.swift */; };
		F3A29E912348DFAB006E83B1 /* HistoryVC.swift in Sources */ = {isa = PBXBuildFile; fileRef = F3A29E902348DFAB006E83B1 /* HistoryVC.swift */; };
		F3A29E932348DFBA006E83B1 /* ProfileVC.swift in Sources */ = {isa = PBXBuildFile; fileRef = F3A29E922348DFBA006E83B1 /* ProfileVC.swift */; };
		F3A29E952348DFCF006E83B1 /* MessageVC.swift in Sources */ = {isa = PBXBuildFile; fileRef = F3A29E942348DFCF006E83B1 /* MessageVC.swift */; };
		F3A29E972348DFE9006E83B1 /* ReportVC.swift in Sources */ = {isa = PBXBuildFile; fileRef = F3A29E962348DFE9006E83B1 /* ReportVC.swift */; };
		F3A29E992348E04C006E83B1 /* Turtorial.storyboard in Resources */ = {isa = PBXBuildFile; fileRef = F3A29E982348E04C006E83B1 /* Turtorial.storyboard */; };
		F3A29E9C2348E1A7006E83B1 /* TurtorialFirstVC.swift in Sources */ = {isa = PBXBuildFile; fileRef = F3A29E9B2348E1A7006E83B1 /* TurtorialFirstVC.swift */; };
		F3A29E9E2348E8B4006E83B1 /* TurtorialSecondVC.swift in Sources */ = {isa = PBXBuildFile; fileRef = F3A29E9D2348E8B4006E83B1 /* TurtorialSecondVC.swift */; };
		F3A29EA02348E8D3006E83B1 /* TurotialThirdVC.swift in Sources */ = {isa = PBXBuildFile; fileRef = F3A29E9F2348E8D3006E83B1 /* TurotialThirdVC.swift */; };
		F3A29EA223494ED0006E83B1 /* Lottie.framework in Frameworks */ = {isa = PBXBuildFile; fileRef = F3A29EA123494ED0006E83B1 /* Lottie.framework */; };
		F3A29EA323494ED0006E83B1 /* Lottie.framework in Embed Frameworks */ = {isa = PBXBuildFile; fileRef = F3A29EA123494ED0006E83B1 /* Lottie.framework */; settings = {ATTRIBUTES = (CodeSignOnCopy, RemoveHeadersOnCopy, ); }; };
		F3A29EA523494F7D006E83B1 /* FaceAnimation.json in Resources */ = {isa = PBXBuildFile; fileRef = F3A29EA423494F7D006E83B1 /* FaceAnimation.json */; };
		F3A29EAA2349653E006E83B1 /* Message.storyboard in Resources */ = {isa = PBXBuildFile; fileRef = F3A29EA92349653E006E83B1 /* Message.storyboard */; };
		F3A29EAB23496971006E83B1 /* MessageKit.framework in Frameworks */ = {isa = PBXBuildFile; fileRef = F3A29EA6234964EA006E83B1 /* MessageKit.framework */; };
		F3A29EAC23496971006E83B1 /* MessageKit.framework in Embed Frameworks */ = {isa = PBXBuildFile; fileRef = F3A29EA6234964EA006E83B1 /* MessageKit.framework */; settings = {ATTRIBUTES = (CodeSignOnCopy, RemoveHeadersOnCopy, ); }; };
		F3A29EAE2349697F006E83B1 /* InputBarAccessoryView.framework in Frameworks */ = {isa = PBXBuildFile; fileRef = F3A29EAD2349697F006E83B1 /* InputBarAccessoryView.framework */; };
		F3A29EAF2349697F006E83B1 /* InputBarAccessoryView.framework in Embed Frameworks */ = {isa = PBXBuildFile; fileRef = F3A29EAD2349697F006E83B1 /* InputBarAccessoryView.framework */; settings = {ATTRIBUTES = (CodeSignOnCopy, RemoveHeadersOnCopy, ); }; };
		F3A29EB223496CAF006E83B1 /* MessageListVC.swift in Sources */ = {isa = PBXBuildFile; fileRef = F3A29EB123496CAF006E83B1 /* MessageListVC.swift */; };
		F3A29EB623496DDA006E83B1 /* MessageCell.xib in Resources */ = {isa = PBXBuildFile; fileRef = F3A29EB523496DDA006E83B1 /* MessageCell.xib */; };
		F3A29EBB23496E3A006E83B1 /* IBDesignableButton.swift in Sources */ = {isa = PBXBuildFile; fileRef = F3A29EB723496E3A006E83B1 /* IBDesignableButton.swift */; };
		F3A29EBC23496E3A006E83B1 /* IBDesignableView.swift in Sources */ = {isa = PBXBuildFile; fileRef = F3A29EB823496E3A006E83B1 /* IBDesignableView.swift */; };
		F3A29EBD23496E3A006E83B1 /* IBDesignableSegumentControl.swift in Sources */ = {isa = PBXBuildFile; fileRef = F3A29EB923496E3A006E83B1 /* IBDesignableSegumentControl.swift */; };
		F3A29EBE23496E3A006E83B1 /* IBDesignableTableView.swift in Sources */ = {isa = PBXBuildFile; fileRef = F3A29EBA23496E3A006E83B1 /* IBDesignableTableView.swift */; };
		F3A29EC023496E55006E83B1 /* IDDesignableImageView.swift in Sources */ = {isa = PBXBuildFile; fileRef = F3A29EBF23496E55006E83B1 /* IDDesignableImageView.swift */; };
		F3A29EC2234970B5006E83B1 /* MessageCell.swift in Sources */ = {isa = PBXBuildFile; fileRef = F3A29EC1234970B5006E83B1 /* MessageCell.swift */; };
		F3A29EC42349710D006E83B1 /* UICollectionCell+Extension.swift in Sources */ = {isa = PBXBuildFile; fileRef = F3A29EC32349710D006E83B1 /* UICollectionCell+Extension.swift */; };
		F3A29EC623497120006E83B1 /* NSObject+Extension.swift in Sources */ = {isa = PBXBuildFile; fileRef = F3A29EC523497120006E83B1 /* NSObject+Extension.swift */; };
		F3A29EC8234971C3006E83B1 /* UITableView+Extension.swift in Sources */ = {isa = PBXBuildFile; fileRef = F3A29EC7234971C3006E83B1 /* UITableView+Extension.swift */; };
/* End PBXBuildFile section */

/* Begin PBXCopyFilesBuildPhase section */
		F3A29E892348DDEB006E83B1 /* Embed Frameworks */ = {
			isa = PBXCopyFilesBuildPhase;
			buildActionMask = 2147483647;
			dstPath = "";
			dstSubfolderSpec = 10;
			files = (
				F3A29E862348DDEA006E83B1 /* RxCocoa.framework in Embed Frameworks */,
				F3A29EA323494ED0006E83B1 /* Lottie.framework in Embed Frameworks */,
				F3A29E842348DDEA006E83B1 /* RxSwift.framework in Embed Frameworks */,
				F3A29E882348DDEA006E83B1 /* RxRelay.framework in Embed Frameworks */,
				F3A29EAC23496971006E83B1 /* MessageKit.framework in Embed Frameworks */,
				F3A29EAF2349697F006E83B1 /* InputBarAccessoryView.framework in Embed Frameworks */,
			);
			name = "Embed Frameworks";
			runOnlyForDeploymentPostprocessing = 0;
		};
/* End PBXCopyFilesBuildPhase section */

/* Begin PBXFileReference section */
		F3A29E372347AC34006E83B1 /* Matching-App-Swift.app */ = {isa = PBXFileReference; explicitFileType = wrapper.application; includeInIndex = 0; path = "Matching-App-Swift.app"; sourceTree = BUILT_PRODUCTS_DIR; };
		F3A29E3A2347AC34006E83B1 /* AppDelegate.swift */ = {isa = PBXFileReference; lastKnownFileType = sourcecode.swift; path = AppDelegate.swift; sourceTree = "<group>"; };
		F3A29E3C2347AC34006E83B1 /* SceneDelegate.swift */ = {isa = PBXFileReference; lastKnownFileType = sourcecode.swift; path = SceneDelegate.swift; sourceTree = "<group>"; };
		F3A29E3E2347AC34006E83B1 /* MainVC.swift */ = {isa = PBXFileReference; lastKnownFileType = sourcecode.swift; path = MainVC.swift; sourceTree = "<group>"; };
		F3A29E442347AC34006E83B1 /* Matching_App_Swift.xcdatamodel */ = {isa = PBXFileReference; lastKnownFileType = wrapper.xcdatamodel; path = Matching_App_Swift.xcdatamodel; sourceTree = "<group>"; };
		F3A29E462347AC36006E83B1 /* Assets.xcassets */ = {isa = PBXFileReference; lastKnownFileType = folder.assetcatalog; path = Assets.xcassets; sourceTree = "<group>"; };
		F3A29E492347AC36006E83B1 /* Base */ = {isa = PBXFileReference; lastKnownFileType = file.storyboard; name = Base; path = Base.lproj/LaunchScreen.storyboard; sourceTree = "<group>"; };
		F3A29E4B2347AC36006E83B1 /* Info.plist */ = {isa = PBXFileReference; lastKnownFileType = text.plist.xml; path = Info.plist; sourceTree = "<group>"; };
		F3A29E562347CC56006E83B1 /* FaceScanVC.swift */ = {isa = PBXFileReference; lastKnownFileType = sourcecode.swift; path = FaceScanVC.swift; sourceTree = "<group>"; };
		F3A29E802348DDEA006E83B1 /* RxSwift.framework */ = {isa = PBXFileReference; lastKnownFileType = wrapper.framework; name = RxSwift.framework; path = Carthage/Build/iOS/RxSwift.framework; sourceTree = "<group>"; };
		F3A29E812348DDEA006E83B1 /* RxCocoa.framework */ = {isa = PBXFileReference; lastKnownFileType = wrapper.framework; name = RxCocoa.framework; path = Carthage/Build/iOS/RxCocoa.framework; sourceTree = "<group>"; };
		F3A29E822348DDEA006E83B1 /* RxRelay.framework */ = {isa = PBXFileReference; lastKnownFileType = wrapper.framework; name = RxRelay.framework; path = Carthage/Build/iOS/RxRelay.framework; sourceTree = "<group>"; };
		F3A29E8A2348DF6A006E83B1 /* TurtorialVC.swift */ = {isa = PBXFileReference; lastKnownFileType = sourcecode.swift; path = TurtorialVC.swift; sourceTree = "<group>"; };
		F3A29E8C2348DF7B006E83B1 /* LikeFaceVC.swift */ = {isa = PBXFileReference; lastKnownFileType = sourcecode.swift; path = LikeFaceVC.swift; sourceTree = "<group>"; };
		F3A29E8E2348DF9C006E83B1 /* ProfileEditVC.swift */ = {isa = PBXFileReference; lastKnownFileType = sourcecode.swift; path = ProfileEditVC.swift; sourceTree = "<group>"; };
		F3A29E902348DFAB006E83B1 /* HistoryVC.swift */ = {isa = PBXFileReference; lastKnownFileType = sourcecode.swift; path = HistoryVC.swift; sourceTree = "<group>"; };
		F3A29E922348DFBA006E83B1 /* ProfileVC.swift */ = {isa = PBXFileReference; lastKnownFileType = sourcecode.swift; path = ProfileVC.swift; sourceTree = "<group>"; };
		F3A29E942348DFCF006E83B1 /* MessageVC.swift */ = {isa = PBXFileReference; lastKnownFileType = sourcecode.swift; path = MessageVC.swift; sourceTree = "<group>"; };
		F3A29E962348DFE9006E83B1 /* ReportVC.swift */ = {isa = PBXFileReference; lastKnownFileType = sourcecode.swift; path = ReportVC.swift; sourceTree = "<group>"; };
		F3A29E982348E04C006E83B1 /* Turtorial.storyboard */ = {isa = PBXFileReference; lastKnownFileType = file.storyboard; path = Turtorial.storyboard; sourceTree = "<group>"; };
		F3A29E9B2348E1A7006E83B1 /* TurtorialFirstVC.swift */ = {isa = PBXFileReference; lastKnownFileType = sourcecode.swift; path = TurtorialFirstVC.swift; sourceTree = "<group>"; };
		F3A29E9D2348E8B4006E83B1 /* TurtorialSecondVC.swift */ = {isa = PBXFileReference; lastKnownFileType = sourcecode.swift; path = TurtorialSecondVC.swift; sourceTree = "<group>"; };
		F3A29E9F2348E8D3006E83B1 /* TurotialThirdVC.swift */ = {isa = PBXFileReference; lastKnownFileType = sourcecode.swift; path = TurotialThirdVC.swift; sourceTree = "<group>"; };
		F3A29EA123494ED0006E83B1 /* Lottie.framework */ = {isa = PBXFileReference; lastKnownFileType = wrapper.framework; name = Lottie.framework; path = Carthage/Build/iOS/Lottie.framework; sourceTree = "<group>"; };
		F3A29EA423494F7D006E83B1 /* FaceAnimation.json */ = {isa = PBXFileReference; lastKnownFileType = text.json; name = FaceAnimation.json; path = "Matching-App-Swift/Resource/Animations/FaceAnimation.json"; sourceTree = "<group>"; };
		F3A29EA6234964EA006E83B1 /* MessageKit.framework */ = {isa = PBXFileReference; lastKnownFileType = wrapper.framework; name = MessageKit.framework; path = Carthage/Build/iOS/MessageKit.framework; sourceTree = "<group>"; };
		F3A29EA92349653E006E83B1 /* Message.storyboard */ = {isa = PBXFileReference; lastKnownFileType = file.storyboard; path = Message.storyboard; sourceTree = "<group>"; };
		F3A29EAD2349697F006E83B1 /* InputBarAccessoryView.framework */ = {isa = PBXFileReference; lastKnownFileType = wrapper.framework; name = InputBarAccessoryView.framework; path = Carthage/Build/iOS/InputBarAccessoryView.framework; sourceTree = "<group>"; };
		F3A29EB123496CAF006E83B1 /* MessageListVC.swift */ = {isa = PBXFileReference; lastKnownFileType = sourcecode.swift; path = MessageListVC.swift; sourceTree = "<group>"; };
		F3A29EB523496DDA006E83B1 /* MessageCell.xib */ = {isa = PBXFileReference; lastKnownFileType = file.xib; path = MessageCell.xib; sourceTree = "<group>"; };
		F3A29EB723496E3A006E83B1 /* IBDesignableButton.swift */ = {isa = PBXFileReference; fileEncoding = 4; lastKnownFileType = sourcecode.swift; path = IBDesignableButton.swift; sourceTree = "<group>"; };
		F3A29EB823496E3A006E83B1 /* IBDesignableView.swift */ = {isa = PBXFileReference; fileEncoding = 4; lastKnownFileType = sourcecode.swift; path = IBDesignableView.swift; sourceTree = "<group>"; };
		F3A29EB923496E3A006E83B1 /* IBDesignableSegumentControl.swift */ = {isa = PBXFileReference; fileEncoding = 4; lastKnownFileType = sourcecode.swift; path = IBDesignableSegumentControl.swift; sourceTree = "<group>"; };
		F3A29EBA23496E3A006E83B1 /* IBDesignableTableView.swift */ = {isa = PBXFileReference; fileEncoding = 4; lastKnownFileType = sourcecode.swift; path = IBDesignableTableView.swift; sourceTree = "<group>"; };
		F3A29EBF23496E55006E83B1 /* IDDesignableImageView.swift */ = {isa = PBXFileReference; lastKnownFileType = sourcecode.swift; path = IDDesignableImageView.swift; sourceTree = "<group>"; };
		F3A29EC1234970B5006E83B1 /* MessageCell.swift */ = {isa = PBXFileReference; lastKnownFileType = sourcecode.swift; path = MessageCell.swift; sourceTree = "<group>"; };
		F3A29EC32349710D006E83B1 /* UICollectionCell+Extension.swift */ = {isa = PBXFileReference; lastKnownFileType = sourcecode.swift; path = "UICollectionCell+Extension.swift"; sourceTree = "<group>"; };
		F3A29EC523497120006E83B1 /* NSObject+Extension.swift */ = {isa = PBXFileReference; lastKnownFileType = sourcecode.swift; path = "NSObject+Extension.swift"; sourceTree = "<group>"; };
		F3A29EC7234971C3006E83B1 /* UITableView+Extension.swift */ = {isa = PBXFileReference; lastKnownFileType = sourcecode.swift; path = "UITableView+Extension.swift"; sourceTree = "<group>"; };
/* End PBXFileReference section */

/* Begin PBXFrameworksBuildPhase section */
		F3A29E342347AC34006E83B1 /* Frameworks */ = {
			isa = PBXFrameworksBuildPhase;
			buildActionMask = 2147483647;
			files = (
				F3A29E852348DDEA006E83B1 /* RxCocoa.framework in Frameworks */,
				F3A29EA223494ED0006E83B1 /* Lottie.framework in Frameworks */,
				F3A29E832348DDEA006E83B1 /* RxSwift.framework in Frameworks */,
				F3A29E872348DDEA006E83B1 /* RxRelay.framework in Frameworks */,
				F3A29EAB23496971006E83B1 /* MessageKit.framework in Frameworks */,
				F3A29EAE2349697F006E83B1 /* InputBarAccessoryView.framework in Frameworks */,
			);
			runOnlyForDeploymentPostprocessing = 0;
		};
/* End PBXFrameworksBuildPhase section */

/* Begin PBXGroup section */
		F3A29E2E2347AC34006E83B1 = {
			isa = PBXGroup;
			children = (
				F3A29EA423494F7D006E83B1 /* FaceAnimation.json */,
				F3A29E392347AC34006E83B1 /* Matching-App-Swift */,
				F3A29E382347AC34006E83B1 /* Products */,
				F3A29E7F2348DDEA006E83B1 /* Frameworks */,
			);
			sourceTree = "<group>";
		};
		F3A29E382347AC34006E83B1 /* Products */ = {
			isa = PBXGroup;
			children = (
				F3A29E372347AC34006E83B1 /* Matching-App-Swift.app */,
			);
			name = Products;
			sourceTree = "<group>";
		};
		F3A29E392347AC34006E83B1 /* Matching-App-Swift */ = {
			isa = PBXGroup;
			children = (
				F3A29E3A2347AC34006E83B1 /* AppDelegate.swift */,
				F3A29E3C2347AC34006E83B1 /* SceneDelegate.swift */,
				F3A29E522347CB34006E83B1 /* ViewController */,
				F3A29E512347CB24006E83B1 /* ViewModel */,
				F3A29E532347CB41006E83B1 /* View */,
				F3A29E542347CBBC006E83B1 /* Entity */,
				F3A29E552347CBC4006E83B1 /* Utility */,
				F3A29E462347AC36006E83B1 /* Assets.xcassets */,
				F3A29E482347AC36006E83B1 /* LaunchScreen.storyboard */,
				F3A29E4B2347AC36006E83B1 /* Info.plist */,
				F3A29E432347AC34006E83B1 /* Matching_App_Swift.xcdatamodeld */,
			);
			path = "Matching-App-Swift";
			sourceTree = "<group>";
		};
		F3A29E512347CB24006E83B1 /* ViewModel */ = {
			isa = PBXGroup;
			children = (
			);
			path = ViewModel;
			sourceTree = "<group>";
		};
		F3A29E522347CB34006E83B1 /* ViewController */ = {
			isa = PBXGroup;
			children = (
				F3A29E9A2348E182006E83B1 /* Turtorial */,
				F3A29E3E2347AC34006E83B1 /* MainVC.swift */,
				F3A29E562347CC56006E83B1 /* FaceScanVC.swift */,
				F3A29E8C2348DF7B006E83B1 /* LikeFaceVC.swift */,
				F3A29E922348DFBA006E83B1 /* ProfileVC.swift */,
				F3A29E8E2348DF9C006E83B1 /* ProfileEditVC.swift */,
				F3A29E902348DFAB006E83B1 /* HistoryVC.swift */,
				F3A29E962348DFE9006E83B1 /* ReportVC.swift */,
			);
			path = ViewController;
			sourceTree = "<group>";
		};
		F3A29E532347CB41006E83B1 /* View */ = {
			isa = PBXGroup;
			children = (
				F3A29E982348E04C006E83B1 /* Turtorial.storyboard */,
				F3A29EA92349653E006E83B1 /* Message.storyboard */,
				F3A29EB523496DDA006E83B1 /* MessageCell.xib */,
			);
			path = View;
			sourceTree = "<group>";
		};
		F3A29E542347CBBC006E83B1 /* Entity */ = {
			isa = PBXGroup;
			children = (
			);
			path = Entity;
			sourceTree = "<group>";
		};
		F3A29E552347CBC4006E83B1 /* Utility */ = {
			isa = PBXGroup;
			children = (
				F3A29EB723496E3A006E83B1 /* IBDesignableButton.swift */,
				F3A29EB923496E3A006E83B1 /* IBDesignableSegumentControl.swift */,
				F3A29EBA23496E3A006E83B1 /* IBDesignableTableView.swift */,
				F3A29EB823496E3A006E83B1 /* IBDesignableView.swift */,
				F3A29EBF23496E55006E83B1 /* IDDesignableImageView.swift */,
				F3A29EC7234971C3006E83B1 /* UITableView+Extension.swift */,
				F3A29EC32349710D006E83B1 /* UICollectionCell+Extension.swift */,
				F3A29EC523497120006E83B1 /* NSObject+Extension.swift */,
			);
			path = Utility;
			sourceTree = "<group>";
		};
		F3A29E7F2348DDEA006E83B1 /* Frameworks */ = {
			isa = PBXGroup;
			children = (
				F3A29EAD2349697F006E83B1 /* InputBarAccessoryView.framework */,
				F3A29EA6234964EA006E83B1 /* MessageKit.framework */,
				F3A29EA123494ED0006E83B1 /* Lottie.framework */,
				F3A29E812348DDEA006E83B1 /* RxCocoa.framework */,
				F3A29E822348DDEA006E83B1 /* RxRelay.framework */,
				F3A29E802348DDEA006E83B1 /* RxSwift.framework */,
			);
			name = Frameworks;
			sourceTree = "<group>";
		};
		F3A29E9A2348E182006E83B1 /* Turtorial */ = {
			isa = PBXGroup;
			children = (
				F3A29E8A2348DF6A006E83B1 /* TurtorialVC.swift */,
				F3A29E9B2348E1A7006E83B1 /* TurtorialFirstVC.swift */,
				F3A29E9D2348E8B4006E83B1 /* TurtorialSecondVC.swift */,
				F3A29E9F2348E8D3006E83B1 /* TurotialThirdVC.swift */,
				F3A29EB023496C9A006E83B1 /* Message */,
			);
			path = Turtorial;
			sourceTree = "<group>";
		};
		F3A29EB023496C9A006E83B1 /* Message */ = {
			isa = PBXGroup;
			children = (
				F3A29EB123496CAF006E83B1 /* MessageListVC.swift */,
				F3A29E942348DFCF006E83B1 /* MessageVC.swift */,
				F3A29EC1234970B5006E83B1 /* MessageCell.swift */,
			);
			path = Message;
			sourceTree = "<group>";
		};
/* End PBXGroup section */

/* Begin PBXNativeTarget section */
		F3A29E362347AC34006E83B1 /* Matching-App-Swift */ = {
			isa = PBXNativeTarget;
			buildConfigurationList = F3A29E4E2347AC36006E83B1 /* Build configuration list for PBXNativeTarget "Matching-App-Swift" */;
			buildPhases = (
				F3A29E332347AC34006E83B1 /* Sources */,
				F3A29E342347AC34006E83B1 /* Frameworks */,
				F3A29E352347AC34006E83B1 /* Resources */,
				F3A29E7E2348DCB6006E83B1 /* ShellScript */,
				F3A29E892348DDEB006E83B1 /* Embed Frameworks */,
			);
			buildRules = (
			);
			dependencies = (
			);
			name = "Matching-App-Swift";
			productName = "Matching-App-Swift";
			productReference = F3A29E372347AC34006E83B1 /* Matching-App-Swift.app */;
			productType = "com.apple.product-type.application";
		};
/* End PBXNativeTarget section */

/* Begin PBXProject section */
		F3A29E2F2347AC34006E83B1 /* Project object */ = {
			isa = PBXProject;
			attributes = {
				LastSwiftUpdateCheck = 1100;
				LastUpgradeCheck = 1100;
				ORGANIZATIONNAME = "新納真次郎";
				TargetAttributes = {
					F3A29E362347AC34006E83B1 = {
						CreatedOnToolsVersion = 11.0;
					};
				};
			};
			buildConfigurationList = F3A29E322347AC34006E83B1 /* Build configuration list for PBXProject "Matching-App-Swift" */;
			compatibilityVersion = "Xcode 9.3";
			developmentRegion = en;
			hasScannedForEncodings = 0;
			knownRegions = (
				en,
				Base,
			);
			mainGroup = F3A29E2E2347AC34006E83B1;
			productRefGroup = F3A29E382347AC34006E83B1 /* Products */;
			projectDirPath = "";
			projectRoot = "";
			targets = (
				F3A29E362347AC34006E83B1 /* Matching-App-Swift */,
			);
		};
/* End PBXProject section */

/* Begin PBXResourcesBuildPhase section */
		F3A29E352347AC34006E83B1 /* Resources */ = {
			isa = PBXResourcesBuildPhase;
			buildActionMask = 2147483647;
			files = (
				F3A29EA523494F7D006E83B1 /* FaceAnimation.json in Resources */,
				F3A29EB623496DDA006E83B1 /* MessageCell.xib in Resources */,
				F3A29E4A2347AC36006E83B1 /* LaunchScreen.storyboard in Resources */,
				F3A29EAA2349653E006E83B1 /* Message.storyboard in Resources */,
				F3A29E992348E04C006E83B1 /* Turtorial.storyboard in Resources */,
				F3A29E472347AC36006E83B1 /* Assets.xcassets in Resources */,
			);
			runOnlyForDeploymentPostprocessing = 0;
		};
/* End PBXResourcesBuildPhase section */

/* Begin PBXShellScriptBuildPhase section */
		F3A29E7E2348DCB6006E83B1 /* ShellScript */ = {
			isa = PBXShellScriptBuildPhase;
			buildActionMask = 12;
			files = (
			);
			inputFileListPaths = (
			);
			inputPaths = (
				"$(SRCROOT)/Carthage/Build/iOS/RxSwift.framework",
				"$(SRCROOT)/Carthage/Build/iOS/RxCocoa.framework",
				"$(SRCROOT)/Carthage/Build/iOS/Lottie.framework",
				"$(SRCROOT)/Carthage/Build/iOS/MessageKit.framework",
			);
			outputFileListPaths = (
			);
			outputPaths = (
			);
			runOnlyForDeploymentPostprocessing = 0;
			shellPath = /bin/sh;
			shellScript = "/usr/local/bin/carthage copy-frameworks\n";
		};
/* End PBXShellScriptBuildPhase section */

/* Begin PBXSourcesBuildPhase section */
		F3A29E332347AC34006E83B1 /* Sources */ = {
			isa = PBXSourcesBuildPhase;
			buildActionMask = 2147483647;
			files = (
				F3A29EC023496E55006E83B1 /* IDDesignableImageView.swift in Sources */,
				F3A29E932348DFBA006E83B1 /* ProfileVC.swift in Sources */,
				F3A29EBC23496E3A006E83B1 /* IBDesignableView.swift in Sources */,
				F3A29E9E2348E8B4006E83B1 /* TurtorialSecondVC.swift in Sources */,
				F3A29E3F2347AC34006E83B1 /* MainVC.swift in Sources */,
				F3A29E3B2347AC34006E83B1 /* AppDelegate.swift in Sources */,
				F3A29E572347CC56006E83B1 /* FaceScanVC.swift in Sources */,
				F3A29EBB23496E3A006E83B1 /* IBDesignableButton.swift in Sources */,
				F3A29EBD23496E3A006E83B1 /* IBDesignableSegumentControl.swift in Sources */,
				F3A29E452347AC34006E83B1 /* Matching_App_Swift.xcdatamodeld in Sources */,
				F3A29E3D2347AC34006E83B1 /* SceneDelegate.swift in Sources */,
				F3A29EC623497120006E83B1 /* NSObject+Extension.swift in Sources */,
				F3A29EC2234970B5006E83B1 /* MessageCell.swift in Sources */,
				F3A29EBE23496E3A006E83B1 /* IBDesignableTableView.swift in Sources */,
				F3A29E8D2348DF7B006E83B1 /* LikeFaceVC.swift in Sources */,
				F3A29EC42349710D006E83B1 /* UICollectionCell+Extension.swift in Sources */,
				F3A29EB223496CAF006E83B1 /* MessageListVC.swift in Sources */,
				F3A29EC8234971C3006E83B1 /* UITableView+Extension.swift in Sources */,
				F3A29E8F2348DF9C006E83B1 /* ProfileEditVC.swift in Sources */,
				F3A29E912348DFAB006E83B1 /* HistoryVC.swift in Sources */,
				F3A29EA02348E8D3006E83B1 /* TurotialThirdVC.swift in Sources */,
				F3A29E9C2348E1A7006E83B1 /* TurtorialFirstVC.swift in Sources */,
				F3A29E952348DFCF006E83B1 /* MessageVC.swift in Sources */,
				F3A29E972348DFE9006E83B1 /* ReportVC.swift in Sources */,
				F3A29E8B2348DF6A006E83B1 /* TurtorialVC.swift in Sources */,
			);
			runOnlyForDeploymentPostprocessing = 0;
		};
/* End PBXSourcesBuildPhase section */

/* Begin PBXVariantGroup section */
		F3A29E482347AC36006E83B1 /* LaunchScreen.storyboard */ = {
			isa = PBXVariantGroup;
			children = (
				F3A29E492347AC36006E83B1 /* Base */,
			);
			name = LaunchScreen.storyboard;
			sourceTree = "<group>";
		};
/* End PBXVariantGroup section */

/* Begin XCBuildConfiguration section */
		F3A29E4C2347AC36006E83B1 /* Debug */ = {
			isa = XCBuildConfiguration;
			buildSettings = {
				ALWAYS_SEARCH_USER_PATHS = NO;
				CLANG_ANALYZER_NONNULL = YES;
				CLANG_ANALYZER_NUMBER_OBJECT_CONVERSION = YES_AGGRESSIVE;
				CLANG_CXX_LANGUAGE_STANDARD = "gnu++14";
				CLANG_CXX_LIBRARY = "libc++";
				CLANG_ENABLE_MODULES = YES;
				CLANG_ENABLE_OBJC_ARC = YES;
				CLANG_ENABLE_OBJC_WEAK = YES;
				CLANG_WARN_BLOCK_CAPTURE_AUTORELEASING = YES;
				CLANG_WARN_BOOL_CONVERSION = YES;
				CLANG_WARN_COMMA = YES;
				CLANG_WARN_CONSTANT_CONVERSION = YES;
				CLANG_WARN_DEPRECATED_OBJC_IMPLEMENTATIONS = YES;
				CLANG_WARN_DIRECT_OBJC_ISA_USAGE = YES_ERROR;
				CLANG_WARN_DOCUMENTATION_COMMENTS = YES;
				CLANG_WARN_EMPTY_BODY = YES;
				CLANG_WARN_ENUM_CONVERSION = YES;
				CLANG_WARN_INFINITE_RECURSION = YES;
				CLANG_WARN_INT_CONVERSION = YES;
				CLANG_WARN_NON_LITERAL_NULL_CONVERSION = YES;
				CLANG_WARN_OBJC_IMPLICIT_RETAIN_SELF = YES;
				CLANG_WARN_OBJC_LITERAL_CONVERSION = YES;
				CLANG_WARN_OBJC_ROOT_CLASS = YES_ERROR;
				CLANG_WARN_RANGE_LOOP_ANALYSIS = YES;
				CLANG_WARN_STRICT_PROTOTYPES = YES;
				CLANG_WARN_SUSPICIOUS_MOVE = YES;
				CLANG_WARN_UNGUARDED_AVAILABILITY = YES_AGGRESSIVE;
				CLANG_WARN_UNREACHABLE_CODE = YES;
				CLANG_WARN__DUPLICATE_METHOD_MATCH = YES;
				COPY_PHASE_STRIP = NO;
				DEBUG_INFORMATION_FORMAT = dwarf;
				ENABLE_STRICT_OBJC_MSGSEND = YES;
				ENABLE_TESTABILITY = YES;
				GCC_C_LANGUAGE_STANDARD = gnu11;
				GCC_DYNAMIC_NO_PIC = NO;
				GCC_NO_COMMON_BLOCKS = YES;
				GCC_OPTIMIZATION_LEVEL = 0;
				GCC_PREPROCESSOR_DEFINITIONS = (
					"DEBUG=1",
					"$(inherited)",
				);
				GCC_WARN_64_TO_32_BIT_CONVERSION = YES;
				GCC_WARN_ABOUT_RETURN_TYPE = YES_ERROR;
				GCC_WARN_UNDECLARED_SELECTOR = YES;
				GCC_WARN_UNINITIALIZED_AUTOS = YES_AGGRESSIVE;
				GCC_WARN_UNUSED_FUNCTION = YES;
				GCC_WARN_UNUSED_VARIABLE = YES;
				IPHONEOS_DEPLOYMENT_TARGET = 13.0;
				MTL_ENABLE_DEBUG_INFO = INCLUDE_SOURCE;
				MTL_FAST_MATH = YES;
				ONLY_ACTIVE_ARCH = YES;
				SDKROOT = iphoneos;
				SWIFT_ACTIVE_COMPILATION_CONDITIONS = DEBUG;
				SWIFT_OPTIMIZATION_LEVEL = "-Onone";
			};
			name = Debug;
		};
		F3A29E4D2347AC36006E83B1 /* Release */ = {
			isa = XCBuildConfiguration;
			buildSettings = {
				ALWAYS_SEARCH_USER_PATHS = NO;
				CLANG_ANALYZER_NONNULL = YES;
				CLANG_ANALYZER_NUMBER_OBJECT_CONVERSION = YES_AGGRESSIVE;
				CLANG_CXX_LANGUAGE_STANDARD = "gnu++14";
				CLANG_CXX_LIBRARY = "libc++";
				CLANG_ENABLE_MODULES = YES;
				CLANG_ENABLE_OBJC_ARC = YES;
				CLANG_ENABLE_OBJC_WEAK = YES;
				CLANG_WARN_BLOCK_CAPTURE_AUTORELEASING = YES;
				CLANG_WARN_BOOL_CONVERSION = YES;
				CLANG_WARN_COMMA = YES;
				CLANG_WARN_CONSTANT_CONVERSION = YES;
				CLANG_WARN_DEPRECATED_OBJC_IMPLEMENTATIONS = YES;
				CLANG_WARN_DIRECT_OBJC_ISA_USAGE = YES_ERROR;
				CLANG_WARN_DOCUMENTATION_COMMENTS = YES;
				CLANG_WARN_EMPTY_BODY = YES;
				CLANG_WARN_ENUM_CONVERSION = YES;
				CLANG_WARN_INFINITE_RECURSION = YES;
				CLANG_WARN_INT_CONVERSION = YES;
				CLANG_WARN_NON_LITERAL_NULL_CONVERSION = YES;
				CLANG_WARN_OBJC_IMPLICIT_RETAIN_SELF = YES;
				CLANG_WARN_OBJC_LITERAL_CONVERSION = YES;
				CLANG_WARN_OBJC_ROOT_CLASS = YES_ERROR;
				CLANG_WARN_RANGE_LOOP_ANALYSIS = YES;
				CLANG_WARN_STRICT_PROTOTYPES = YES;
				CLANG_WARN_SUSPICIOUS_MOVE = YES;
				CLANG_WARN_UNGUARDED_AVAILABILITY = YES_AGGRESSIVE;
				CLANG_WARN_UNREACHABLE_CODE = YES;
				CLANG_WARN__DUPLICATE_METHOD_MATCH = YES;
				COPY_PHASE_STRIP = NO;
				DEBUG_INFORMATION_FORMAT = "dwarf-with-dsym";
				ENABLE_NS_ASSERTIONS = NO;
				ENABLE_STRICT_OBJC_MSGSEND = YES;
				GCC_C_LANGUAGE_STANDARD = gnu11;
				GCC_NO_COMMON_BLOCKS = YES;
				GCC_WARN_64_TO_32_BIT_CONVERSION = YES;
				GCC_WARN_ABOUT_RETURN_TYPE = YES_ERROR;
				GCC_WARN_UNDECLARED_SELECTOR = YES;
				GCC_WARN_UNINITIALIZED_AUTOS = YES_AGGRESSIVE;
				GCC_WARN_UNUSED_FUNCTION = YES;
				GCC_WARN_UNUSED_VARIABLE = YES;
				IPHONEOS_DEPLOYMENT_TARGET = 13.0;
				MTL_ENABLE_DEBUG_INFO = NO;
				MTL_FAST_MATH = YES;
				SDKROOT = iphoneos;
				SWIFT_COMPILATION_MODE = wholemodule;
				SWIFT_OPTIMIZATION_LEVEL = "-O";
				VALIDATE_PRODUCT = YES;
			};
			name = Release;
		};
		F3A29E4F2347AC36006E83B1 /* Debug */ = {
			isa = XCBuildConfiguration;
			buildSettings = {
				ASSETCATALOG_COMPILER_APPICON_NAME = AppIcon;
				CODE_SIGN_STYLE = Automatic;
				DEVELOPMENT_TEAM = T8YPT438X6;
				FRAMEWORK_SEARCH_PATHS = (
					"$(inherited)",
					"$(PROJECT_DIR)/Carthage/Build/iOS",
				);
				INFOPLIST_FILE = "Matching-App-Swift/Info.plist";
				LD_RUNPATH_SEARCH_PATHS = (
					"$(inherited)",
					"@executable_path/Frameworks",
				);
				PRODUCT_BUNDLE_IDENTIFIER = "Nakamura-labProject.Matching-App-Swift";
				PRODUCT_NAME = "$(TARGET_NAME)";
				SWIFT_VERSION = 5.0;
				TARGETED_DEVICE_FAMILY = "1,2";
			};
			name = Debug;
		};
		F3A29E502347AC36006E83B1 /* Release */ = {
			isa = XCBuildConfiguration;
			buildSettings = {
				ASSETCATALOG_COMPILER_APPICON_NAME = AppIcon;
				CODE_SIGN_STYLE = Automatic;
				DEVELOPMENT_TEAM = T8YPT438X6;
				FRAMEWORK_SEARCH_PATHS = (
					"$(inherited)",
					"$(PROJECT_DIR)/Carthage/Build/iOS",
				);
				INFOPLIST_FILE = "Matching-App-Swift/Info.plist";
				LD_RUNPATH_SEARCH_PATHS = (
					"$(inherited)",
					"@executable_path/Frameworks",
				);
				PRODUCT_BUNDLE_IDENTIFIER = "Nakamura-labProject.Matching-App-Swift";
				PRODUCT_NAME = "$(TARGET_NAME)";
				SWIFT_VERSION = 5.0;
				TARGETED_DEVICE_FAMILY = "1,2";
			};
			name = Release;
		};
/* End XCBuildConfiguration section */

/* Begin XCConfigurationList section */
		F3A29E322347AC34006E83B1 /* Build configuration list for PBXProject "Matching-App-Swift" */ = {
			isa = XCConfigurationList;
			buildConfigurations = (
				F3A29E4C2347AC36006E83B1 /* Debug */,
				F3A29E4D2347AC36006E83B1 /* Release */,
			);
			defaultConfigurationIsVisible = 0;
			defaultConfigurationName = Release;
		};
		F3A29E4E2347AC36006E83B1 /* Build configuration list for PBXNativeTarget "Matching-App-Swift" */ = {
			isa = XCConfigurationList;
			buildConfigurations = (
				F3A29E4F2347AC36006E83B1 /* Debug */,
				F3A29E502347AC36006E83B1 /* Release */,
			);
			defaultConfigurationIsVisible = 0;
			defaultConfigurationName = Release;
		};
/* End XCConfigurationList section */

/* Begin XCVersionGroup section */
		F3A29E432347AC34006E83B1 /* Matching_App_Swift.xcdatamodeld */ = {
			isa = XCVersionGroup;
			children = (
				F3A29E442347AC34006E83B1 /* Matching_App_Swift.xcdatamodel */,
			);
			currentVersion = F3A29E442347AC34006E83B1 /* Matching_App_Swift.xcdatamodel */;
			path = Matching_App_Swift.xcdatamodeld;
			sourceTree = "<group>";
			versionGroupType = wrapper.xcdatamodel;
		};
/* End XCVersionGroup section */
	};
	rootObject = F3A29E2F2347AC34006E83B1 /* Project object */;
}
